
Microsoft Visual Studio Solution File, Format Version 12.00
# Visual Studio Version 17
VisualStudioVersion = 17.10.35027.167
MinimumVisualStudioVersion = 10.0.40219.1
Project("{FAE04EC0-301F-11D3-BF4B-00C04F79EFBC}") = "EpubCSharp", "EpubCSharp.csproj", "{E30FF819-D846-432E-9A96-FEE171E4CE81}"
EndProject
Global
	GlobalSection(SolutionConfigurationPlatforms) = preSolution
		Debug|ARM64 = Debug|ARM64
		Debug|x64 = Debug|x64
		Debug|x86 = Debug|x86
		Release|ARM64 = Release|ARM64
		Release|x64 = Release|x64
		Release|x86 = Release|x86
	EndGlobalSection
	GlobalSection(ProjectConfigurationPlatforms) = postSolution
		{E30FF819-D846-432E-9A96-FEE171E4CE81}.Debug|ARM64.ActiveCfg = Debug|ARM64
		{E30FF819-D846-432E-9A96-FEE171E4CE81}.Debug|ARM64.Build.0 = Debug|ARM64
		{E30FF819-D846-432E-9A96-FEE171E4CE81}.Debug|ARM64.Deploy.0 = Debug|ARM64
		{E30FF819-D846-432E-9A96-FEE171E4CE81}.Debug|x64.ActiveCfg = Debug|x64
		{E30FF819-D846-432E-9A96-FEE171E4CE81}.Debug|x64.Build.0 = Debug|x64
		{E30FF819-D846-432E-9A96-FEE171E4CE81}.Debug|x64.Deploy.0 = Debug|x64
		{E30FF819-D846-432E-9A96-FEE171E4CE81}.Debug|x86.ActiveCfg = Debug|x86
		{E30FF819-D846-432E-9A96-FEE171E4CE81}.Debug|x86.Build.0 = Debug|x86
		{E30FF819-D846-432E-9A96-FEE171E4CE81}.Debug|x86.Deploy.0 = Debug|x86
		{E30FF819-D846-432E-9A96-FEE171E4CE81}.Release|ARM64.ActiveCfg = Release|ARM64
		{E30FF819-D846-432E-9A96-FEE171E4CE81}.Release|ARM64.Build.0 = Release|ARM64
		{E30FF819-D846-432E-9A96-FEE171E4CE81}.Release|ARM64.Deploy.0 = Release|ARM64
		{E30FF819-D846-432E-9A96-FEE171E4CE81}.Release|x64.ActiveCfg = Release|x64
		{E30FF819-D846-432E-9A96-FEE171E4CE81}.Release|x64.Build.0 = Release|x64
		{E30FF819-D846-432E-9A96-FEE171E4CE81}.Release|x64.Deploy.0 = Release|x64
		{E30FF819-D846-432E-9A96-FEE171E4CE81}.Release|x86.ActiveCfg = Release|x86
		{E30FF819-D846-432E-9A96-FEE171E4CE81}.Release|x86.Build.0 = Release|x86
		{E30FF819-D846-432E-9A96-FEE171E4CE81}.Release|x86.Deploy.0 = Release|x86
	EndGlobalSection
	GlobalSection(SolutionProperties) = preSolution
		HideSolutionNode = FALSE
	EndGlobalSection
	GlobalSection(ExtensibilityGlobals) = postSolution
		SolutionGuid = {95D1A762-4F53-42D0-BBC3-171A1C7E4846}
	EndGlobalSection
EndGlobal
